
Microsoft Visual Studio Solution File, Format Version 12.00
# Visual Studio Version 17
VisualStudioVersion = 17.9.34902.65
MinimumVisualStudioVersion = 10.0.40219.1
Project("{FAE04EC0-301F-11D3-BF4B-00C04F79EFBC}") = "AtividadeIfElse3", "AtividadeIfElse3\AtividadeIfElse3.csproj", "{F606045F-F598-4FAD-A72F-7A5662203857}"
EndProject
Global
	GlobalSection(SolutionConfigurationPlatforms) = preSolution
		Debug|Any CPU = Debug|Any CPU
		Release|Any CPU = Release|Any CPU
	EndGlobalSection
	GlobalSection(ProjectConfigurationPlatforms) = postSolution
		{F606045F-F598-4FAD-A72F-7A5662203857}.Debug|Any CPU.ActiveCfg = Debug|Any CPU
		{F606045F-F598-4FAD-A72F-7A5662203857}.Debug|Any CPU.Build.0 = Debug|Any CPU
		{F606045F-F598-4FAD-A72F-7A5662203857}.Release|Any CPU.ActiveCfg = Release|Any CPU
		{F606045F-F598-4FAD-A72F-7A5662203857}.Release|Any CPU.Build.0 = Release|Any CPU
	EndGlobalSection
	GlobalSection(SolutionProperties) = preSolution
		HideSolutionNode = FALSE
	EndGlobalSection
	GlobalSection(ExtensibilityGlobals) = postSolution
		SolutionGuid = {7B7519EC-B0C1-45B2-947C-659C165A98D3}
	EndGlobalSection
EndGlobal
